
Microsoft Visual Studio Solution File, Format Version 12.00
# Visual Studio 14
VisualStudioVersion = 14.0.24720.0
MinimumVisualStudioVersion = 10.0.40219.1
Project("{FAE04EC0-301F-11D3-BF4B-00C04F79EFBC}") = "Insite", "Insite\Insite.csproj", "{07C01412-BBCE-4992-9EC3-46420255325C}"
EndProject
Project("{FAE04EC0-301F-11D3-BF4B-00C04F79EFBC}") = "Tablet", "Tablet\Tablet.csproj", "{D625927F-D6D0-4A47-8615-3BA0258749D6}"
EndProject
Global
	GlobalSection(SolutionConfigurationPlatforms) = preSolution
		Debug|Any CPU = Debug|Any CPU
		Release|Any CPU = Release|Any CPU
	EndGlobalSection
	GlobalSection(ProjectConfigurationPlatforms) = postSolution
		{07C01412-BBCE-4992-9EC3-46420255325C}.Debug|Any CPU.ActiveCfg = Debug|Any CPU
		{07C01412-BBCE-4992-9EC3-46420255325C}.Debug|Any CPU.Build.0 = Debug|Any CPU
		{07C01412-BBCE-4992-9EC3-46420255325C}.Release|Any CPU.ActiveCfg = Release|Any CPU
		{07C01412-BBCE-4992-9EC3-46420255325C}.Release|Any CPU.Build.0 = Release|Any CPU
		{D625927F-D6D0-4A47-8615-3BA0258749D6}.Debug|Any CPU.ActiveCfg = Debug|Any CPU
		{D625927F-D6D0-4A47-8615-3BA0258749D6}.Debug|Any CPU.Build.0 = Debug|Any CPU
		{D625927F-D6D0-4A47-8615-3BA0258749D6}.Release|Any CPU.ActiveCfg = Release|Any CPU
		{D625927F-D6D0-4A47-8615-3BA0258749D6}.Release|Any CPU.Build.0 = Release|Any CPU
		{D625927F-D6D0-4A47-8615-3BA0258749D6}.Release|Any CPU.Deploy.0 = Release|Any CPU
	EndGlobalSection
	GlobalSection(SolutionProperties) = preSolution
		HideSolutionNode = FALSE
	EndGlobalSection
EndGlobal
